
Microsoft Visual Studio Solution File, Format Version 12.00
# Visual Studio Version 17
VisualStudioVersion = 17.0.31912.275
MinimumVisualStudioVersion = 10.0.40219.1
Project("{9A19103F-16F7-4668-BE54-9A1E7A4F7556}") = "Assignment 3", "Assignment 3.csproj", "{803DAB39-DBAD-40B1-8CBF-D0756F8A3CA6}"
EndProject
Project("{FAE04EC0-301F-11D3-BF4B-00C04F79EFBC}") = "Calculators", "..\..\Calculators\Calculators.csproj", "{D0A2C92E-4711-46D7-BF7D-9096E85346F9}"
EndProject
Global
	GlobalSection(SolutionConfigurationPlatforms) = preSolution
		Debug|Any CPU = Debug|Any CPU
		Debug|x64 = Debug|x64
		Release|Any CPU = Release|Any CPU
		Release|x64 = Release|x64
	EndGlobalSection
	GlobalSection(ProjectConfigurationPlatforms) = postSolution
		{803DAB39-DBAD-40B1-8CBF-D0756F8A3CA6}.Debug|Any CPU.ActiveCfg = Debug|Any CPU
		{803DAB39-DBAD-40B1-8CBF-D0756F8A3CA6}.Debug|Any CPU.Build.0 = Debug|Any CPU
		{803DAB39-DBAD-40B1-8CBF-D0756F8A3CA6}.Debug|x64.ActiveCfg = Debug|x64
		{803DAB39-DBAD-40B1-8CBF-D0756F8A3CA6}.Debug|x64.Build.0 = Debug|x64
		{803DAB39-DBAD-40B1-8CBF-D0756F8A3CA6}.Release|Any CPU.ActiveCfg = Release|Any CPU
		{803DAB39-DBAD-40B1-8CBF-D0756F8A3CA6}.Release|Any CPU.Build.0 = Release|Any CPU
		{803DAB39-DBAD-40B1-8CBF-D0756F8A3CA6}.Release|x64.ActiveCfg = Release|x64
		{803DAB39-DBAD-40B1-8CBF-D0756F8A3CA6}.Release|x64.Build.0 = Release|x64
		{D0A2C92E-4711-46D7-BF7D-9096E85346F9}.Debug|Any CPU.ActiveCfg = Debug|Any CPU
		{D0A2C92E-4711-46D7-BF7D-9096E85346F9}.Debug|Any CPU.Build.0 = Debug|Any CPU
		{D0A2C92E-4711-46D7-BF7D-9096E85346F9}.Debug|x64.ActiveCfg = Debug|Any CPU
		{D0A2C92E-4711-46D7-BF7D-9096E85346F9}.Debug|x64.Build.0 = Debug|Any CPU
		{D0A2C92E-4711-46D7-BF7D-9096E85346F9}.Release|Any CPU.ActiveCfg = Release|Any CPU
		{D0A2C92E-4711-46D7-BF7D-9096E85346F9}.Release|Any CPU.Build.0 = Release|Any CPU
		{D0A2C92E-4711-46D7-BF7D-9096E85346F9}.Release|x64.ActiveCfg = Release|Any CPU
		{D0A2C92E-4711-46D7-BF7D-9096E85346F9}.Release|x64.Build.0 = Release|Any CPU
	EndGlobalSection
	GlobalSection(SolutionProperties) = preSolution
		HideSolutionNode = FALSE
	EndGlobalSection
	GlobalSection(ExtensibilityGlobals) = postSolution
		SolutionGuid = {F048BC9C-6648-4500-88F1-276030C498CB}
	EndGlobalSection
EndGlobal
